
Microsoft Visual Studio Solution File, Format Version 12.00
# Visual Studio Version 17
VisualStudioVersion = 17.0.32014.148
MinimumVisualStudioVersion = 10.0.40219.1
Project("{FAE04EC0-301F-11D3-BF4B-00C04F79EFBC}") = "Forms Örnek 2", "Forms Örnek 2.csproj", "{172D8142-044D-4427-B85E-A903CFA270A3}"
EndProject
Global
	GlobalSection(SolutionConfigurationPlatforms) = preSolution
		Debug|Any CPU = Debug|Any CPU
		Release|Any CPU = Release|Any CPU
	EndGlobalSection
	GlobalSection(ProjectConfigurationPlatforms) = postSolution
		{172D8142-044D-4427-B85E-A903CFA270A3}.Debug|Any CPU.ActiveCfg = Debug|Any CPU
		{172D8142-044D-4427-B85E-A903CFA270A3}.Debug|Any CPU.Build.0 = Debug|Any CPU
		{172D8142-044D-4427-B85E-A903CFA270A3}.Release|Any CPU.ActiveCfg = Release|Any CPU
		{172D8142-044D-4427-B85E-A903CFA270A3}.Release|Any CPU.Build.0 = Release|Any CPU
	EndGlobalSection
	GlobalSection(SolutionProperties) = preSolution
		HideSolutionNode = FALSE
	EndGlobalSection
	GlobalSection(ExtensibilityGlobals) = postSolution
		SolutionGuid = {90EA30EC-FDC9-4E53-98D9-22C9EE5A82A4}
	EndGlobalSection
EndGlobal
